
Microsoft Visual Studio Solution File, Format Version 12.00
# Visual Studio Version 17
VisualStudioVersion = 17.0.31919.166
MinimumVisualStudioVersion = 10.0.40219.1
Project("{FAE04EC0-301F-11D3-BF4B-00C04F79EFBC}") = "SmartDeviceApi", "SmartDeviceApi\SmartDeviceApi.csproj", "{2FF4B54C-EE65-48A1-A821-681D87A08091}"
EndProject
Global
	GlobalSection(SolutionConfigurationPlatforms) = preSolution
		Debug|Any CPU = Debug|Any CPU
		Release|Any CPU = Release|Any CPU
	EndGlobalSection
	GlobalSection(ProjectConfigurationPlatforms) = postSolution
		{2FF4B54C-EE65-48A1-A821-681D87A08091}.Debug|Any CPU.ActiveCfg = Debug|Any CPU
		{2FF4B54C-EE65-48A1-A821-681D87A08091}.Debug|Any CPU.Build.0 = Debug|Any CPU
		{2FF4B54C-EE65-48A1-A821-681D87A08091}.Release|Any CPU.ActiveCfg = Release|Any CPU
		{2FF4B54C-EE65-48A1-A821-681D87A08091}.Release|Any CPU.Build.0 = Release|Any CPU
	EndGlobalSection
	GlobalSection(SolutionProperties) = preSolution
		HideSolutionNode = FALSE
	EndGlobalSection
	GlobalSection(ExtensibilityGlobals) = postSolution
		SolutionGuid = {46AEF591-E876-4926-A2F9-949DD6E3B051}
	EndGlobalSection
EndGlobal
